{
  "originHash" : "7c69a8fd183ed261b8a1892ea8b093eb2c11e887cf889d7d18cb081da24c60ea",
  "pins" : [
    {
      "identity" : "bigint",
      "kind" : "remoteSourceControl",
      "location" : "https://github.com/attaswift/BigInt",
      "state" : {
        "revision" : "793a7fac0bfc318e85994bf6900652e827aef33e",
        "version" : "5.4.1"
      }
    },
    {
      "identity" : "mobile-ios-utilities",
      "kind" : "remoteSourceControl",
      "location" : "https://github.com/govuk-one-login/mobile-ios-utilities",
      "state" : {
        "branch" : "feat/dcmaw-18125-creat-gds-error",
        "revision" : "0c5168eb62a7c92921d2f198c2cc08ab9ef05ac5"
      }
    },
    {
      "identity" : "swiftlintplugins",
      "kind" : "remoteSourceControl",
      "location" : "https://github.com/SimplyDanny/SwiftLintPlugins",
      "state" : {
        "revision" : "8a4640d14777685ba8f14e832373160498fbab92",
        "version" : "0.63.2"
      }
    }
  ],
  "version" : 3
}
