// !$*UTF8*$!
{
	archiveVersion = 1;
	classes = {
	};
	objectVersion = 60;
	objects = {

/* Begin PBXBuildFile section */
		2BCB23182B46D53E00F3A832 /* SecureStore_DemoApp.swift in Sources */ = {isa = PBXBuildFile; fileRef = 2BCB23172B46D53E00F3A832 /* SecureStore_DemoApp.swift */; };
		2BCB231A2B46D53E00F3A832 /* ContentView.swift in Sources */ = {isa = PBXBuildFile; fileRef = 2BCB23192B46D53E00F3A832 /* ContentView.swift */; };
		2BCB231C2B46D53F00F3A832 /* Assets.xcassets in Resources */ = {isa = PBXBuildFile; fileRef = 2BCB231B2B46D53F00F3A832 /* Assets.xcassets */; };
		2BCB23292B46D54000F3A832 /* SecureStore_DemoTests.swift in Sources */ = {isa = PBXBuildFile; fileRef = 2BCB23282B46D54000F3A832 /* SecureStore_DemoTests.swift */; };
		2BCB23432B46D60A00F3A832 /* SecureStore in Frameworks */ = {isa = PBXBuildFile; productRef = 2BCB23422B46D60A00F3A832 /* SecureStore */; };
/* End PBXBuildFile section */

/* Begin PBXContainerItemProxy section */
		2BCB23252B46D54000F3A832 /* PBXContainerItemProxy */ = {
			isa = PBXContainerItemProxy;
			containerPortal = 2BCB230C2B46D53E00F3A832 /* Project object */;
			proxyType = 1;
			remoteGlobalIDString = 2BCB23132B46D53E00F3A832;
			remoteInfo = "SecureStore-Demo";
		};
		2BCB232F2B46D54000F3A832 /* PBXContainerItemProxy */ = {
			isa = PBXContainerItemProxy;
			containerPortal = 2BCB230C2B46D53E00F3A832 /* Project object */;
			proxyType = 1;
			remoteGlobalIDString = 2BCB23132B46D53E00F3A832;
			remoteInfo = "SecureStore-Demo";
		};
/* End PBXContainerItemProxy section */

/* Begin PBXFileReference section */
		2BCB23142B46D53E00F3A832 /* SecureStore-Demo.app */ = {isa = PBXFileReference; explicitFileType = wrapper.application; includeInIndex = 0; path = "SecureStore-Demo.app"; sourceTree = BUILT_PRODUCTS_DIR; };
		2BCB23172B46D53E00F3A832 /* SecureStore_DemoApp.swift */ = {isa = PBXFileReference; lastKnownFileType = sourcecode.swift; path = SecureStore_DemoApp.swift; sourceTree = "<group>"; };
		2BCB23192B46D53E00F3A832 /* ContentView.swift */ = {isa = PBXFileReference; lastKnownFileType = sourcecode.swift; path = ContentView.swift; sourceTree = "<group>"; };
		2BCB231B2B46D53F00F3A832 /* Assets.xcassets */ = {isa = PBXFileReference; lastKnownFileType = folder.assetcatalog; path = Assets.xcassets; sourceTree = "<group>"; };
		2BCB23242B46D54000F3A832 /* SecureStore-DemoTests.xctest */ = {isa = PBXFileReference; explicitFileType = wrapper.cfbundle; includeInIndex = 0; path = "SecureStore-DemoTests.xctest"; sourceTree = BUILT_PRODUCTS_DIR; };
		2BCB23282B46D54000F3A832 /* SecureStore_DemoTests.swift */ = {isa = PBXFileReference; lastKnownFileType = sourcecode.swift; path = SecureStore_DemoTests.swift; sourceTree = "<group>"; };
		2BCB232E2B46D54000F3A832 /* SecureStore-DemoUITests.xctest */ = {isa = PBXFileReference; explicitFileType = wrapper.cfbundle; includeInIndex = 0; path = "SecureStore-DemoUITests.xctest"; sourceTree = BUILT_PRODUCTS_DIR; };
/* End PBXFileReference section */

/* Begin PBXFrameworksBuildPhase section */
		2BCB23112B46D53E00F3A832 /* Frameworks */ = {
			isa = PBXFrameworksBuildPhase;
			buildActionMask = 2147483647;
			files = (
				2BCB23432B46D60A00F3A832 /* SecureStore in Frameworks */,
			);
			runOnlyForDeploymentPostprocessing = 0;
		};
		2BCB23212B46D54000F3A832 /* Frameworks */ = {
			isa = PBXFrameworksBuildPhase;
			buildActionMask = 2147483647;
			files = (
			);
			runOnlyForDeploymentPostprocessing = 0;
		};
		2BCB232B2B46D54000F3A832 /* Frameworks */ = {
			isa = PBXFrameworksBuildPhase;
			buildActionMask = 2147483647;
			files = (
			);
			runOnlyForDeploymentPostprocessing = 0;
		};
/* End PBXFrameworksBuildPhase section */

/* Begin PBXGroup section */
		2BCB230B2B46D53E00F3A832 = {
			isa = PBXGroup;
			children = (
				2BCB23162B46D53E00F3A832 /* SecureStore-Demo */,
				2BCB23272B46D54000F3A832 /* SecureStore-DemoTests */,
				2BCB23152B46D53E00F3A832 /* Products */,
			);
			sourceTree = "<group>";
		};
		2BCB23152B46D53E00F3A832 /* Products */ = {
			isa = PBXGroup;
			children = (
				2BCB23142B46D53E00F3A832 /* SecureStore-Demo.app */,
				2BCB23242B46D54000F3A832 /* SecureStore-DemoTests.xctest */,
				2BCB232E2B46D54000F3A832 /* SecureStore-DemoUITests.xctest */,
			);
			name = Products;
			sourceTree = "<group>";
		};
		2BCB23162B46D53E00F3A832 /* SecureStore-Demo */ = {
			isa = PBXGroup;
			children = (
				2BCB23172B46D53E00F3A832 /* SecureStore_DemoApp.swift */,
				2BCB23192B46D53E00F3A832 /* ContentView.swift */,
				2BCB231B2B46D53F00F3A832 /* Assets.xcassets */,
			);
			path = "SecureStore-Demo";
			sourceTree = "<group>";
		};
		2BCB23272B46D54000F3A832 /* SecureStore-DemoTests */ = {
			isa = PBXGroup;
			children = (
				2BCB23282B46D54000F3A832 /* SecureStore_DemoTests.swift */,
			);
			path = "SecureStore-DemoTests";
			sourceTree = "<group>";
		};
/* End PBXGroup section */

/* Begin PBXNativeTarget section */
		2BCB23132B46D53E00F3A832 /* SecureStore-Demo */ = {
			isa = PBXNativeTarget;
			buildConfigurationList = 2BCB23382B46D54000F3A832 /* Build configuration list for PBXNativeTarget "SecureStore-Demo" */;
			buildPhases = (
				2BCB23102B46D53E00F3A832 /* Sources */,
				2BCB23112B46D53E00F3A832 /* Frameworks */,
				2BCB23122B46D53E00F3A832 /* Resources */,
			);
			buildRules = (
			);
			dependencies = (
			);
			name = "SecureStore-Demo";
			packageProductDependencies = (
				2BCB23422B46D60A00F3A832 /* SecureStore */,
			);
			productName = "SecureStore-Demo";
			productReference = 2BCB23142B46D53E00F3A832 /* SecureStore-Demo.app */;
			productType = "com.apple.product-type.application";
		};
		2BCB23232B46D54000F3A832 /* SecureStore-DemoTests */ = {
			isa = PBXNativeTarget;
			buildConfigurationList = 2BCB233B2B46D54000F3A832 /* Build configuration list for PBXNativeTarget "SecureStore-DemoTests" */;
			buildPhases = (
				2BCB23202B46D54000F3A832 /* Sources */,
				2BCB23212B46D54000F3A832 /* Frameworks */,
				2BCB23222B46D54000F3A832 /* Resources */,
			);
			buildRules = (
			);
			dependencies = (
				2BCB23262B46D54000F3A832 /* PBXTargetDependency */,
			);
			name = "SecureStore-DemoTests";
			productName = "SecureStore-DemoTests";
			productReference = 2BCB23242B46D54000F3A832 /* SecureStore-DemoTests.xctest */;
			productType = "com.apple.product-type.bundle.unit-test";
		};
		2BCB232D2B46D54000F3A832 /* SecureStore-DemoUITests */ = {
			isa = PBXNativeTarget;
			buildConfigurationList = 2BCB233E2B46D54000F3A832 /* Build configuration list for PBXNativeTarget "SecureStore-DemoUITests" */;
			buildPhases = (
				2BCB232A2B46D54000F3A832 /* Sources */,
				2BCB232B2B46D54000F3A832 /* Frameworks */,
				2BCB232C2B46D54000F3A832 /* Resources */,
			);
			buildRules = (
			);
			dependencies = (
				2BCB23302B46D54000F3A832 /* PBXTargetDependency */,
			);
			name = "SecureStore-DemoUITests";
			productName = "SecureStore-DemoUITests";
			productReference = 2BCB232E2B46D54000F3A832 /* SecureStore-DemoUITests.xctest */;
			productType = "com.apple.product-type.bundle.ui-testing";
		};
/* End PBXNativeTarget section */

/* Begin PBXProject section */
		2BCB230C2B46D53E00F3A832 /* Project object */ = {
			isa = PBXProject;
			attributes = {
				BuildIndependentTargetsInParallel = 1;
				LastSwiftUpdateCheck = 1510;
				LastUpgradeCheck = 1510;
				TargetAttributes = {
					2BCB23132B46D53E00F3A832 = {
						CreatedOnToolsVersion = 15.1;
					};
					2BCB23232B46D54000F3A832 = {
						CreatedOnToolsVersion = 15.1;
						TestTargetID = 2BCB23132B46D53E00F3A832;
					};
					2BCB232D2B46D54000F3A832 = {
						CreatedOnToolsVersion = 15.1;
						TestTargetID = 2BCB23132B46D53E00F3A832;
					};
				};
			};
			buildConfigurationList = 2BCB230F2B46D53E00F3A832 /* Build configuration list for PBXProject "SecureStore-Demo" */;
			compatibilityVersion = "Xcode 14.0";
			developmentRegion = en;
			hasScannedForEncodings = 0;
			knownRegions = (
				en,
				Base,
			);
			mainGroup = 2BCB230B2B46D53E00F3A832;
			packageReferences = (
				2BCB23412B46D60A00F3A832 /* XCLocalSwiftPackageReference ".." */,
			);
			productRefGroup = 2BCB23152B46D53E00F3A832 /* Products */;
			projectDirPath = "";
			projectRoot = "";
			targets = (
				2BCB23132B46D53E00F3A832 /* SecureStore-Demo */,
				2BCB23232B46D54000F3A832 /* SecureStore-DemoTests */,
				2BCB232D2B46D54000F3A832 /* SecureStore-DemoUITests */,
			);
		};
/* End PBXProject section */

/* Begin PBXResourcesBuildPhase section */
		2BCB23122B46D53E00F3A832 /* Resources */ = {
			isa = PBXResourcesBuildPhase;
			buildActionMask = 2147483647;
			files = (
				2BCB231C2B46D53F00F3A832 /* Assets.xcassets in Resources */,
			);
			runOnlyForDeploymentPostprocessing = 0;
		};
		2BCB23222B46D54000F3A832 /* Resources */ = {
			isa = PBXResourcesBuildPhase;
			buildActionMask = 2147483647;
			files = (
			);
			runOnlyForDeploymentPostprocessing = 0;
		};
		2BCB232C2B46D54000F3A832 /* Resources */ = {
			isa = PBXResourcesBuildPhase;
			buildActionMask = 2147483647;
			files = (
			);
			runOnlyForDeploymentPostprocessing = 0;
		};
/* End PBXResourcesBuildPhase section */

/* Begin PBXSourcesBuildPhase section */
		2BCB23102B46D53E00F3A832 /* Sources */ = {
			isa = PBXSourcesBuildPhase;
			buildActionMask = 2147483647;
			files = (
				2BCB231A2B46D53E00F3A832 /* ContentView.swift in Sources */,
				2BCB23182B46D53E00F3A832 /* SecureStore_DemoApp.swift in Sources */,
			);
			runOnlyForDeploymentPostprocessing = 0;
		};
		2BCB23202B46D54000F3A832 /* Sources */ = {
			isa = PBXSourcesBuildPhase;
			buildActionMask = 2147483647;
			files = (
				2BCB23292B46D54000F3A832 /* SecureStore_DemoTests.swift in Sources */,
			);
			runOnlyForDeploymentPostprocessing = 0;
		};
		2BCB232A2B46D54000F3A832 /* Sources */ = {
			isa = PBXSourcesBuildPhase;
			buildActionMask = 2147483647;
			files = (
			);
			runOnlyForDeploymentPostprocessing = 0;
		};
/* End PBXSourcesBuildPhase section */

/* Begin PBXTargetDependency section */
		2BCB23262B46D54000F3A832 /* PBXTargetDependency */ = {
			isa = PBXTargetDependency;
			target = 2BCB23132B46D53E00F3A832 /* SecureStore-Demo */;
			targetProxy = 2BCB23252B46D54000F3A832 /* PBXContainerItemProxy */;
		};
		2BCB23302B46D54000F3A832 /* PBXTargetDependency */ = {
			isa = PBXTargetDependency;
			target = 2BCB23132B46D53E00F3A832 /* SecureStore-Demo */;
			targetProxy = 2BCB232F2B46D54000F3A832 /* PBXContainerItemProxy */;
		};
/* End PBXTargetDependency section */

/* Begin XCBuildConfiguration section */
		2BCB23362B46D54000F3A832 /* Debug */ = {
			isa = XCBuildConfiguration;
			buildSettings = {
				ALWAYS_SEARCH_USER_PATHS = NO;
				ASSETCATALOG_COMPILER_GENERATE_SWIFT_ASSET_SYMBOL_EXTENSIONS = YES;
				CLANG_ANALYZER_NONNULL = YES;
				CLANG_ANALYZER_NUMBER_OBJECT_CONVERSION = YES_AGGRESSIVE;
				CLANG_CXX_LANGUAGE_STANDARD = "gnu++20";
				CLANG_ENABLE_MODULES = YES;
				CLANG_ENABLE_OBJC_ARC = YES;
				CLANG_ENABLE_OBJC_WEAK = YES;
				CLANG_WARN_BLOCK_CAPTURE_AUTORELEASING = YES;
				CLANG_WARN_BOOL_CONVERSION = YES;
				CLANG_WARN_COMMA = YES;
				CLANG_WARN_CONSTANT_CONVERSION = YES;
				CLANG_WARN_DEPRECATED_OBJC_IMPLEMENTATIONS = YES;
				CLANG_WARN_DIRECT_OBJC_ISA_USAGE = YES_ERROR;
				CLANG_WARN_DOCUMENTATION_COMMENTS = YES;
				CLANG_WARN_EMPTY_BODY = YES;
				CLANG_WARN_ENUM_CONVERSION = YES;
				CLANG_WARN_INFINITE_RECURSION = YES;
				CLANG_WARN_INT_CONVERSION = YES;
				CLANG_WARN_NON_LITERAL_NULL_CONVERSION = YES;
				CLANG_WARN_OBJC_IMPLICIT_RETAIN_SELF = YES;
				CLANG_WARN_OBJC_LITERAL_CONVERSION = YES;
				CLANG_WARN_OBJC_ROOT_CLASS = YES_ERROR;
				CLANG_WARN_QUOTED_INCLUDE_IN_FRAMEWORK_HEADER = YES;
				CLANG_WARN_RANGE_LOOP_ANALYSIS = YES;
				CLANG_WARN_STRICT_PROTOTYPES = YES;
				CLANG_WARN_SUSPICIOUS_MOVE = YES;
				CLANG_WARN_UNGUARDED_AVAILABILITY = YES_AGGRESSIVE;
				CLANG_WARN_UNREACHABLE_CODE = YES;
				CLANG_WARN__DUPLICATE_METHOD_MATCH = YES;
				COPY_PHASE_STRIP = NO;
				DEBUG_INFORMATION_FORMAT = dwarf;
				ENABLE_STRICT_OBJC_MSGSEND = YES;
				ENABLE_TESTABILITY = YES;
				ENABLE_USER_SCRIPT_SANDBOXING = YES;
				GCC_C_LANGUAGE_STANDARD = gnu17;
				GCC_DYNAMIC_NO_PIC = NO;
				GCC_NO_COMMON_BLOCKS = YES;
				GCC_OPTIMIZATION_LEVEL = 0;
				GCC_PREPROCESSOR_DEFINITIONS = (
					"DEBUG=1",
					"$(inherited)",
				);
				GCC_WARN_64_TO_32_BIT_CONVERSION = YES;
				GCC_WARN_ABOUT_RETURN_TYPE = YES_ERROR;
				GCC_WARN_UNDECLARED_SELECTOR = YES;
				GCC_WARN_UNINITIALIZED_AUTOS = YES_AGGRESSIVE;
				GCC_WARN_UNUSED_FUNCTION = YES;
				GCC_WARN_UNUSED_VARIABLE = YES;
				IPHONEOS_DEPLOYMENT_TARGET = 17.2;
				LOCALIZATION_PREFERS_STRING_CATALOGS = YES;
				MTL_ENABLE_DEBUG_INFO = INCLUDE_SOURCE;
				MTL_FAST_MATH = YES;
				ONLY_ACTIVE_ARCH = YES;
				SDKROOT = iphoneos;
				SWIFT_ACTIVE_COMPILATION_CONDITIONS = "DEBUG $(inherited)";
				SWIFT_OPTIMIZATION_LEVEL = "-Onone";
			};
			name = Debug;
		};
		2BCB23372B46D54000F3A832 /* Release */ = {
			isa = XCBuildConfiguration;
			buildSettings = {
				ALWAYS_SEARCH_USER_PATHS = NO;
				ASSETCATALOG_COMPILER_GENERATE_SWIFT_ASSET_SYMBOL_EXTENSIONS = YES;
				CLANG_ANALYZER_NONNULL = YES;
				CLANG_ANALYZER_NUMBER_OBJECT_CONVERSION = YES_AGGRESSIVE;
				CLANG_CXX_LANGUAGE_STANDARD = "gnu++20";
				CLANG_ENABLE_MODULES = YES;
				CLANG_ENABLE_OBJC_ARC = YES;
				CLANG_ENABLE_OBJC_WEAK = YES;
				CLANG_WARN_BLOCK_CAPTURE_AUTORELEASING = YES;
				CLANG_WARN_BOOL_CONVERSION = YES;
				CLANG_WARN_COMMA = YES;
				CLANG_WARN_CONSTANT_CONVERSION = YES;
				CLANG_WARN_DEPRECATED_OBJC_IMPLEMENTATIONS = YES;
				CLANG_WARN_DIRECT_OBJC_ISA_USAGE = YES_ERROR;
				CLANG_WARN_DOCUMENTATION_COMMENTS = YES;
				CLANG_WARN_EMPTY_BODY = YES;
				CLANG_WARN_ENUM_CONVERSION = YES;
				CLANG_WARN_INFINITE_RECURSION = YES;
				CLANG_WARN_INT_CONVERSION = YES;
				CLANG_WARN_NON_LITERAL_NULL_CONVERSION = YES;
				CLANG_WARN_OBJC_IMPLICIT_RETAIN_SELF = YES;
				CLANG_WARN_OBJC_LITERAL_CONVERSION = YES;
				CLANG_WARN_OBJC_ROOT_CLASS = YES_ERROR;
				CLANG_WARN_QUOTED_INCLUDE_IN_FRAMEWORK_HEADER = YES;
				CLANG_WARN_RANGE_LOOP_ANALYSIS = YES;
				CLANG_WARN_STRICT_PROTOTYPES = YES;
				CLANG_WARN_SUSPICIOUS_MOVE = YES;
				CLANG_WARN_UNGUARDED_AVAILABILITY = YES_AGGRESSIVE;
				CLANG_WARN_UNREACHABLE_CODE = YES;
				CLANG_WARN__DUPLICATE_METHOD_MATCH = YES;
				COPY_PHASE_STRIP = NO;
				DEBUG_INFORMATION_FORMAT = "dwarf-with-dsym";
				ENABLE_NS_ASSERTIONS = NO;
				ENABLE_STRICT_OBJC_MSGSEND = YES;
				ENABLE_USER_SCRIPT_SANDBOXING = YES;
				GCC_C_LANGUAGE_STANDARD = gnu17;
				GCC_NO_COMMON_BLOCKS = YES;
				GCC_WARN_64_TO_32_BIT_CONVERSION = YES;
				GCC_WARN_ABOUT_RETURN_TYPE = YES_ERROR;
				GCC_WARN_UNDECLARED_SELECTOR = YES;
				GCC_WARN_UNINITIALIZED_AUTOS = YES_AGGRESSIVE;
				GCC_WARN_UNUSED_FUNCTION = YES;
				GCC_WARN_UNUSED_VARIABLE = YES;
				IPHONEOS_DEPLOYMENT_TARGET = 17.2;
				LOCALIZATION_PREFERS_STRING_CATALOGS = YES;
				MTL_ENABLE_DEBUG_INFO = NO;
				MTL_FAST_MATH = YES;
				SDKROOT = iphoneos;
				SWIFT_COMPILATION_MODE = wholemodule;
				VALIDATE_PRODUCT = YES;
			};
			name = Release;
		};
		2BCB23392B46D54000F3A832 /* Debug */ = {
			isa = XCBuildConfiguration;
			buildSettings = {
				ASSETCATALOG_COMPILER_APPICON_NAME = AppIcon;
				ASSETCATALOG_COMPILER_GLOBAL_ACCENT_COLOR_NAME = AccentColor;
				CODE_SIGN_STYLE = Automatic;
				CURRENT_PROJECT_VERSION = 1;
				DEVELOPMENT_ASSET_PATHS = "\"SecureStore-Demo/Preview Content\"";
				DEVELOPMENT_TEAM = N8W395F695;
				ENABLE_PREVIEWS = YES;
				GENERATE_INFOPLIST_FILE = YES;
				INFOPLIST_KEY_NSFaceIDUsageDescription = "We need this so we can securely fetch encrypted data";
				INFOPLIST_KEY_UIApplicationSceneManifest_Generation = YES;
				INFOPLIST_KEY_UIApplicationSupportsIndirectInputEvents = YES;
				INFOPLIST_KEY_UILaunchScreen_Generation = YES;
				INFOPLIST_KEY_UISupportedInterfaceOrientations_iPad = "UIInterfaceOrientationPortrait UIInterfaceOrientationPortraitUpsideDown UIInterfaceOrientationLandscapeLeft UIInterfaceOrientationLandscapeRight";
				INFOPLIST_KEY_UISupportedInterfaceOrientations_iPhone = "UIInterfaceOrientationPortrait UIInterfaceOrientationLandscapeLeft UIInterfaceOrientationLandscapeRight";
				IPHONEOS_DEPLOYMENT_TARGET = 17.0;
				LD_RUNPATH_SEARCH_PATHS = (
					"$(inherited)",
					"@executable_path/Frameworks",
				);
				MARKETING_VERSION = 1.0;
				PRODUCT_BUNDLE_IDENTIFIER = "uk.gov.onelogin.staging.SecureStore-Demo";
				PRODUCT_NAME = "$(TARGET_NAME)";
				SWIFT_EMIT_LOC_STRINGS = YES;
				SWIFT_VERSION = 5.0;
				TARGETED_DEVICE_FAMILY = "1,2";
			};
			name = Debug;
		};
		2BCB233A2B46D54000F3A832 /* Release */ = {
			isa = XCBuildConfiguration;
			buildSettings = {
				ASSETCATALOG_COMPILER_APPICON_NAME = AppIcon;
				ASSETCATALOG_COMPILER_GLOBAL_ACCENT_COLOR_NAME = AccentColor;
				CODE_SIGN_STYLE = Automatic;
				CURRENT_PROJECT_VERSION = 1;
				DEVELOPMENT_ASSET_PATHS = "\"SecureStore-Demo/Preview Content\"";
				DEVELOPMENT_TEAM = N8W395F695;
				ENABLE_PREVIEWS = YES;
				GENERATE_INFOPLIST_FILE = YES;
				INFOPLIST_KEY_NSFaceIDUsageDescription = "We need this so we can securely fetch encrypted data";
				INFOPLIST_KEY_UIApplicationSceneManifest_Generation = YES;
				INFOPLIST_KEY_UIApplicationSupportsIndirectInputEvents = YES;
				INFOPLIST_KEY_UILaunchScreen_Generation = YES;
				INFOPLIST_KEY_UISupportedInterfaceOrientations_iPad = "UIInterfaceOrientationPortrait UIInterfaceOrientationPortraitUpsideDown UIInterfaceOrientationLandscapeLeft UIInterfaceOrientationLandscapeRight";
				INFOPLIST_KEY_UISupportedInterfaceOrientations_iPhone = "UIInterfaceOrientationPortrait UIInterfaceOrientationLandscapeLeft UIInterfaceOrientationLandscapeRight";
				IPHONEOS_DEPLOYMENT_TARGET = 17.0;
				LD_RUNPATH_SEARCH_PATHS = (
					"$(inherited)",
					"@executable_path/Frameworks",
				);
				MARKETING_VERSION = 1.0;
				PRODUCT_BUNDLE_IDENTIFIER = "uk.gov.onelogin.staging.SecureStore-Demo";
				PRODUCT_NAME = "$(TARGET_NAME)";
				SWIFT_EMIT_LOC_STRINGS = YES;
				SWIFT_VERSION = 5.0;
				TARGETED_DEVICE_FAMILY = "1,2";
			};
			name = Release;
		};
		2BCB233C2B46D54000F3A832 /* Debug */ = {
			isa = XCBuildConfiguration;
			buildSettings = {
				ALWAYS_EMBED_SWIFT_STANDARD_LIBRARIES = YES;
				BUNDLE_LOADER = "$(TEST_HOST)";
				CODE_SIGN_STYLE = Automatic;
				CURRENT_PROJECT_VERSION = 1;
				DEVELOPMENT_TEAM = N8W395F695;
				GENERATE_INFOPLIST_FILE = YES;
				IPHONEOS_DEPLOYMENT_TARGET = 17.2;
				MARKETING_VERSION = 1.0;
				PRODUCT_BUNDLE_IDENTIFIER = "uk.gov.onelogin.staging.SecureStore-DemoTests";
				PRODUCT_NAME = "$(TARGET_NAME)";
				SWIFT_EMIT_LOC_STRINGS = NO;
				SWIFT_VERSION = 5.0;
				TARGETED_DEVICE_FAMILY = "1,2";
				TEST_HOST = "$(BUILT_PRODUCTS_DIR)/SecureStore-Demo.app/$(BUNDLE_EXECUTABLE_FOLDER_PATH)/SecureStore-Demo";
			};
			name = Debug;
		};
		2BCB233D2B46D54000F3A832 /* Release */ = {
			isa = XCBuildConfiguration;
			buildSettings = {
				ALWAYS_EMBED_SWIFT_STANDARD_LIBRARIES = YES;
				BUNDLE_LOADER = "$(TEST_HOST)";
				CODE_SIGN_STYLE = Automatic;
				CURRENT_PROJECT_VERSION = 1;
				DEVELOPMENT_TEAM = N8W395F695;
				GENERATE_INFOPLIST_FILE = YES;
				IPHONEOS_DEPLOYMENT_TARGET = 17.2;
				MARKETING_VERSION = 1.0;
				PRODUCT_BUNDLE_IDENTIFIER = "uk.gov.onelogin.staging.SecureStore-DemoTests";
				PRODUCT_NAME = "$(TARGET_NAME)";
				SWIFT_EMIT_LOC_STRINGS = NO;
				SWIFT_VERSION = 5.0;
				TARGETED_DEVICE_FAMILY = "1,2";
				TEST_HOST = "$(BUILT_PRODUCTS_DIR)/SecureStore-Demo.app/$(BUNDLE_EXECUTABLE_FOLDER_PATH)/SecureStore-Demo";
			};
			name = Release;
		};
		2BCB233F2B46D54000F3A832 /* Debug */ = {
			isa = XCBuildConfiguration;
			buildSettings = {
				ALWAYS_EMBED_SWIFT_STANDARD_LIBRARIES = YES;
				CODE_SIGN_STYLE = Automatic;
				CURRENT_PROJECT_VERSION = 1;
				DEVELOPMENT_TEAM = N8W395F695;
				GENERATE_INFOPLIST_FILE = YES;
				MARKETING_VERSION = 1.0;
				PRODUCT_BUNDLE_IDENTIFIER = "uk.gov.onelogin.staging.SecureStore-DemoUITests";
				PRODUCT_NAME = "$(TARGET_NAME)";
				SWIFT_EMIT_LOC_STRINGS = NO;
				SWIFT_VERSION = 5.0;
				TARGETED_DEVICE_FAMILY = "1,2";
				TEST_TARGET_NAME = "SecureStore-Demo";
			};
			name = Debug;
		};
		2BCB23402B46D54000F3A832 /* Release */ = {
			isa = XCBuildConfiguration;
			buildSettings = {
				ALWAYS_EMBED_SWIFT_STANDARD_LIBRARIES = YES;
				CODE_SIGN_STYLE = Automatic;
				CURRENT_PROJECT_VERSION = 1;
				DEVELOPMENT_TEAM = N8W395F695;
				GENERATE_INFOPLIST_FILE = YES;
				MARKETING_VERSION = 1.0;
				PRODUCT_BUNDLE_IDENTIFIER = "uk.gov.onelogin.staging.SecureStore-DemoUITests";
				PRODUCT_NAME = "$(TARGET_NAME)";
				SWIFT_EMIT_LOC_STRINGS = NO;
				SWIFT_VERSION = 5.0;
				TARGETED_DEVICE_FAMILY = "1,2";
				TEST_TARGET_NAME = "SecureStore-Demo";
			};
			name = Release;
		};
/* End XCBuildConfiguration section */

/* Begin XCConfigurationList section */
		2BCB230F2B46D53E00F3A832 /* Build configuration list for PBXProject "SecureStore-Demo" */ = {
			isa = XCConfigurationList;
			buildConfigurations = (
				2BCB23362B46D54000F3A832 /* Debug */,
				2BCB23372B46D54000F3A832 /* Release */,
			);
			defaultConfigurationIsVisible = 0;
			defaultConfigurationName = Release;
		};
		2BCB23382B46D54000F3A832 /* Build configuration list for PBXNativeTarget "SecureStore-Demo" */ = {
			isa = XCConfigurationList;
			buildConfigurations = (
				2BCB23392B46D54000F3A832 /* Debug */,
				2BCB233A2B46D54000F3A832 /* Release */,
			);
			defaultConfigurationIsVisible = 0;
			defaultConfigurationName = Release;
		};
		2BCB233B2B46D54000F3A832 /* Build configuration list for PBXNativeTarget "SecureStore-DemoTests" */ = {
			isa = XCConfigurationList;
			buildConfigurations = (
				2BCB233C2B46D54000F3A832 /* Debug */,
				2BCB233D2B46D54000F3A832 /* Release */,
			);
			defaultConfigurationIsVisible = 0;
			defaultConfigurationName = Release;
		};
		2BCB233E2B46D54000F3A832 /* Build configuration list for PBXNativeTarget "SecureStore-DemoUITests" */ = {
			isa = XCConfigurationList;
			buildConfigurations = (
				2BCB233F2B46D54000F3A832 /* Debug */,
				2BCB23402B46D54000F3A832 /* Release */,
			);
			defaultConfigurationIsVisible = 0;
			defaultConfigurationName = Release;
		};
/* End XCConfigurationList section */

/* Begin XCLocalSwiftPackageReference section */
		2BCB23412B46D60A00F3A832 /* XCLocalSwiftPackageReference ".." */ = {
			isa = XCLocalSwiftPackageReference;
			relativePath = ..;
		};
/* End XCLocalSwiftPackageReference section */

/* Begin XCSwiftPackageProductDependency section */
		2BCB23422B46D60A00F3A832 /* SecureStore */ = {
			isa = XCSwiftPackageProductDependency;
			productName = SecureStore;
		};
/* End XCSwiftPackageProductDependency section */
	};
	rootObject = 2BCB230C2B46D53E00F3A832 /* Project object */;
}
